{
  "originHash" : "68e582d19febfdfe0853f1513c976394d215b360a437897230cd89a61ba5d518",
  "pins" : [
    {
      "identity" : "appearance",
      "kind" : "remoteSourceControl",
      "location" : "https://github.com/TopScrech/Appearance",
      "state" : {
        "revision" : "a4f7de766bbf2a9f29d8fe0cf1579f9642f312d5",
        "version" : "1.0.2"
      }
    },
    {
      "identity" : "launchatlogin",
      "kind" : "remoteSourceControl",
      "location" : "https://github.com/TopScrech/LaunchAtLogin",
      "state" : {
        "revision" : "f902aeb6cfa478f7cba038de32e9326b7d983d66",
        "version" : "1.0.2"
      }
    },
    {
      "identity" : "screchkit",
      "kind" : "remoteSourceControl",
      "location" : "https://github.com/TopScrech/ScrechKit",
      "state" : {
        "revision" : "bc5f6b5c251ae16c5d29a50a642ac95a9fe8d0e7",
        "version" : "1.0.10"
      }
    }
  ],
  "version" : 3
}
