{
  "originHash" : "68e582d19febfdfe0853f1513c976394d215b360a437897230cd89a61ba5d518",
  "pins" : [
    {
      "identity" : "appearance",
      "kind" : "remoteSourceControl",
      "location" : "https://github.com/TopScrech/Appearance",
      "state" : {
        "revision" : "a4f7de766bbf2a9f29d8fe0cf1579f9642f312d5",
        "version" : "1.0.2"
      }
    },
    {
      "identity" : "launchatlogin",
      "kind" : "remoteSourceControl",
      "location" : "https://github.com/TopScrech/LaunchAtLogin",
      "state" : {
        "revision" : "9f11ba55ee0b5aba74e47287fcb44aaa7cb316b6",
        "version" : "1.0.1"
      }
    },
    {
      "identity" : "screchkit",
      "kind" : "remoteSourceControl",
      "location" : "https://github.com/TopScrech/ScrechKit",
      "state" : {
        "revision" : "40f089e897c48986d101a5630c1597241b40c6c5",
        "version" : "1.0.9"
      }
    }
  ],
  "version" : 3
}
