{
  "originHash" : "e7b983fabc6fbf96c473abd3e6abe69af8890f1a21f62ef1f3a93989da8234fe",
  "pins" : [
    {
      "identity" : "launchatlogin",
      "kind" : "remoteSourceControl",
      "location" : "https://github.com/TopScrech/LaunchAtLogin",
      "state" : {
        "branch" : "main",
        "revision" : "b6d02bbe76f22ce9c722ec263939edd01ea8f670"
      }
    },
    {
      "identity" : "screchkit",
      "kind" : "remoteSourceControl",
      "location" : "https://github.com/TopScrech/ScrechKit",
      "state" : {
        "branch" : "main",
        "revision" : "6cb3d04aa0c7e2686c5356537c1aca0cc2fe6279"
      }
    }
  ],
  "version" : 3
}
